
Microsoft Visual Studio Solution File, Format Version 12.00
# Visual Studio Version 17
VisualStudioVersion = 17.6.33815.320
MinimumVisualStudioVersion = 10.0.40219.1
Project("{FAE04EC0-301F-11D3-BF4B-00C04F79EFBC}") = "eTickets", "eTickets\eTickets.csproj", "{2E0CFCAD-E4CD-437B-B036-0C6BFF4BA010}"
EndProject
Global
	GlobalSection(SolutionConfigurationPlatforms) = preSolution
		Debug|Any CPU = Debug|Any CPU
		Release|Any CPU = Release|Any CPU
	EndGlobalSection
	GlobalSection(ProjectConfigurationPlatforms) = postSolution
		{2E0CFCAD-E4CD-437B-B036-0C6BFF4BA010}.Debug|Any CPU.ActiveCfg = Debug|Any CPU
		{2E0CFCAD-E4CD-437B-B036-0C6BFF4BA010}.Debug|Any CPU.Build.0 = Debug|Any CPU
		{2E0CFCAD-E4CD-437B-B036-0C6BFF4BA010}.Release|Any CPU.ActiveCfg = Release|Any CPU
		{2E0CFCAD-E4CD-437B-B036-0C6BFF4BA010}.Release|Any CPU.Build.0 = Release|Any CPU
	EndGlobalSection
	GlobalSection(SolutionProperties) = preSolution
		HideSolutionNode = FALSE
	EndGlobalSection
	GlobalSection(ExtensibilityGlobals) = postSolution
		SolutionGuid = {52AFEC3E-BF2C-4B23-81B0-207373BAAC9B}
	EndGlobalSection
EndGlobal
